// !$*UTF8*$!
{
	archiveVersion = 1;
	classes = {
	};
	objectVersion = 77;
	objects = {

/* Begin PBXContainerItemProxy section */
		A0BA02382F5D8D58006998F0 /* PBXContainerItemProxy */ = {
			isa = PBXContainerItemProxy;
			containerPortal = A0BA02222F5D8D54006998F0 /* Project object */;
			proxyType = 1;
			remoteGlobalIDString = A0BA02292F5D8D54006998F0;
			remoteInfo = RealTimePriceTrackerApp;
		};
		A0BA02422F5D8D58006998F0 /* PBXContainerItemProxy */ = {
			isa = PBXContainerItemProxy;
			containerPortal = A0BA02222F5D8D54006998F0 /* Project object */;
			proxyType = 1;
			remoteGlobalIDString = A0BA02292F5D8D54006998F0;
			remoteInfo = RealTimePriceTrackerApp;
		};
/* End PBXContainerItemProxy section */

/* Begin PBXFileReference section */
		A0BA022A2F5D8D54006998F0 /* RealTimePriceTrackerApp.app */ = {isa = PBXFileReference; explicitFileType = wrapper.application; includeInIndex = 0; path = RealTimePriceTrackerApp.app; sourceTree = BUILT_PRODUCTS_DIR; };
		A0BA02372F5D8D58006998F0 /* RealTimePriceTrackerAppTests.xctest */ = {isa = PBXFileReference; explicitFileType = wrapper.cfbundle; includeInIndex = 0; path = RealTimePriceTrackerAppTests.xctest; sourceTree = BUILT_PRODUCTS_DIR; };
		A0BA02412F5D8D58006998F0 /* RealTimePriceTrackerAppUITests.xctest */ = {isa = PBXFileReference; explicitFileType = wrapper.cfbundle; includeInIndex = 0; path = RealTimePriceTrackerAppUITests.xctest; sourceTree = BUILT_PRODUCTS_DIR; };
/* End PBXFileReference section */

/* Begin PBXFileSystemSynchronizedBuildFileExceptionSet section */
		A0BA028E2F5E2833006998F0 /* Exceptions for "RealTimePriceTrackerApp" folder in "RealTimePriceTrackerApp" target */ = {
			isa = PBXFileSystemSynchronizedBuildFileExceptionSet;
			membershipExceptions = (
				Info.plist,
			);
			target = A0BA02292F5D8D54006998F0 /* RealTimePriceTrackerApp */;
		};
/* End PBXFileSystemSynchronizedBuildFileExceptionSet section */

/* Begin PBXFileSystemSynchronizedRootGroup section */
		A0BA022C2F5D8D54006998F0 /* RealTimePriceTrackerApp */ = {
			isa = PBXFileSystemSynchronizedRootGroup;
			exceptions = (
				A0BA028E2F5E2833006998F0 /* Exceptions for "RealTimePriceTrackerApp" folder in "RealTimePriceTrackerApp" target */,
			);
			path = RealTimePriceTrackerApp;
			sourceTree = "<group>";
		};
		A0BA023A2F5D8D58006998F0 /* RealTimePriceTrackerAppTests */ = {
			isa = PBXFileSystemSynchronizedRootGroup;
			path = RealTimePriceTrackerAppTests;
			sourceTree = "<group>";
		};
		A0BA02442F5D8D58006998F0 /* RealTimePriceTrackerAppUITests */ = {
			isa = PBXFileSystemSynchronizedRootGroup;
			path = RealTimePriceTrackerAppUITests;
			sourceTree = "<group>";
		};
/* End PBXFileSystemSynchronizedRootGroup section */

/* Begin PBXFrameworksBuildPhase section */
		A0BA02272F5D8D54006998F0 /* Frameworks */ = {
			isa = PBXFrameworksBuildPhase;
			buildActionMask = 2147483647;
			files = (
			);
			runOnlyForDeploymentPostprocessing = 0;
		};
		A0BA02342F5D8D58006998F0 /* Frameworks */ = {
			isa = PBXFrameworksBuildPhase;
			buildActionMask = 2147483647;
			files = (
			);
			runOnlyForDeploymentPostprocessing = 0;
		};
		A0BA023E2F5D8D58006998F0 /* Frameworks */ = {
			isa = PBXFrameworksBuildPhase;
			buildActionMask = 2147483647;
			files = (
			);
			runOnlyForDeploymentPostprocessing = 0;
		};
/* End PBXFrameworksBuildPhase section */

/* Begin PBXGroup section */
		A0BA02212F5D8D54006998F0 = {
			isa = PBXGroup;
			children = (
				A0BA022C2F5D8D54006998F0 /* RealTimePriceTrackerApp */,
				A0BA023A2F5D8D58006998F0 /* RealTimePriceTrackerAppTests */,
				A0BA02442F5D8D58006998F0 /* RealTimePriceTrackerAppUITests */,
				A0BA022B2F5D8D54006998F0 /* Products */,
			);
			sourceTree = "<group>";
		};
		A0BA022B2F5D8D54006998F0 /* Products */ = {
			isa = PBXGroup;
			children = (
				A0BA022A2F5D8D54006998F0 /* RealTimePriceTrackerApp.app */,
				A0BA02372F5D8D58006998F0 /* RealTimePriceTrackerAppTests.xctest */,
				A0BA02412F5D8D58006998F0 /* RealTimePriceTrackerAppUITests.xctest */,
			);
			name = Products;
			sourceTree = "<group>";
		};
/* End PBXGroup section */

/* Begin PBXNativeTarget section */
		A0BA02292F5D8D54006998F0 /* RealTimePriceTrackerApp */ = {
			isa = PBXNativeTarget;
			buildConfigurationList = A0BA024B2F5D8D58006998F0 /* Build configuration list for PBXNativeTarget "RealTimePriceTrackerApp" */;
			buildPhases = (
				A0BA02262F5D8D54006998F0 /* Sources */,
				A0BA02272F5D8D54006998F0 /* Frameworks */,
				A0BA02282F5D8D54006998F0 /* Resources */,
			);
			buildRules = (
			);
			dependencies = (
			);
			fileSystemSynchronizedGroups = (
				A0BA022C2F5D8D54006998F0 /* RealTimePriceTrackerApp */,
			);
			name = RealTimePriceTrackerApp;
			packageProductDependencies = (
			);
			productName = RealTimePriceTrackerApp;
			productReference = A0BA022A2F5D8D54006998F0 /* RealTimePriceTrackerApp.app */;
			productType = "com.apple.product-type.application";
		};
		A0BA02362F5D8D58006998F0 /* RealTimePriceTrackerAppTests */ = {
			isa = PBXNativeTarget;
			buildConfigurationList = A0BA024E2F5D8D58006998F0 /* Build configuration list for PBXNativeTarget "RealTimePriceTrackerAppTests" */;
			buildPhases = (
				A0BA02332F5D8D58006998F0 /* Sources */,
				A0BA02342F5D8D58006998F0 /* Frameworks */,
				A0BA02352F5D8D58006998F0 /* Resources */,
			);
			buildRules = (
			);
			dependencies = (
				A0BA02392F5D8D58006998F0 /* PBXTargetDependency */,
			);
			fileSystemSynchronizedGroups = (
				A0BA023A2F5D8D58006998F0 /* RealTimePriceTrackerAppTests */,
			);
			name = RealTimePriceTrackerAppTests;
			packageProductDependencies = (
			);
			productName = RealTimePriceTrackerAppTests;
			productReference = A0BA02372F5D8D58006998F0 /* RealTimePriceTrackerAppTests.xctest */;
			productType = "com.apple.product-type.bundle.unit-test";
		};
		A0BA02402F5D8D58006998F0 /* RealTimePriceTrackerAppUITests */ = {
			isa = PBXNativeTarget;
			buildConfigurationList = A0BA02512F5D8D58006998F0 /* Build configuration list for PBXNativeTarget "RealTimePriceTrackerAppUITests" */;
			buildPhases = (
				A0BA023D2F5D8D58006998F0 /* Sources */,
				A0BA023E2F5D8D58006998F0 /* Frameworks */,
				A0BA023F2F5D8D58006998F0 /* Resources */,
			);
			buildRules = (
			);
			dependencies = (
				A0BA02432F5D8D58006998F0 /* PBXTargetDependency */,
			);
			fileSystemSynchronizedGroups = (
				A0BA02442F5D8D58006998F0 /* RealTimePriceTrackerAppUITests */,
			);
			name = RealTimePriceTrackerAppUITests;
			packageProductDependencies = (
			);
			productName = RealTimePriceTrackerAppUITests;
			productReference = A0BA02412F5D8D58006998F0 /* RealTimePriceTrackerAppUITests.xctest */;
			productType = "com.apple.product-type.bundle.ui-testing";
		};
/* End PBXNativeTarget section */

/* Begin PBXProject section */
		A0BA02222F5D8D54006998F0 /* Project object */ = {
			isa = PBXProject;
			attributes = {
				BuildIndependentTargetsInParallel = 1;
				LastSwiftUpdateCheck = 1640;
				LastUpgradeCheck = 1640;
				TargetAttributes = {
					A0BA02292F5D8D54006998F0 = {
						CreatedOnToolsVersion = 16.4;
					};
					A0BA02362F5D8D58006998F0 = {
						CreatedOnToolsVersion = 16.4;
						TestTargetID = A0BA02292F5D8D54006998F0;
					};
					A0BA02402F5D8D58006998F0 = {
						CreatedOnToolsVersion = 16.4;
						TestTargetID = A0BA02292F5D8D54006998F0;
					};
				};
			};
			buildConfigurationList = A0BA02252F5D8D54006998F0 /* Build configuration list for PBXProject "RealTimePriceTrackerApp" */;
			developmentRegion = en;
			hasScannedForEncodings = 0;
			knownRegions = (
				en,
				Base,
			);
			mainGroup = A0BA02212F5D8D54006998F0;
			minimizedProjectReferenceProxies = 1;
			preferredProjectObjectVersion = 77;
			productRefGroup = A0BA022B2F5D8D54006998F0 /* Products */;
			projectDirPath = "";
			projectRoot = "";
			targets = (
				A0BA02292F5D8D54006998F0 /* RealTimePriceTrackerApp */,
				A0BA02362F5D8D58006998F0 /* RealTimePriceTrackerAppTests */,
				A0BA02402F5D8D58006998F0 /* RealTimePriceTrackerAppUITests */,
			);
		};
/* End PBXProject section */

/* Begin PBXResourcesBuildPhase section */
		A0BA02282F5D8D54006998F0 /* Resources */ = {
			isa = PBXResourcesBuildPhase;
			buildActionMask = 2147483647;
			files = (
			);
			runOnlyForDeploymentPostprocessing = 0;
		};
		A0BA02352F5D8D58006998F0 /* Resources */ = {
			isa = PBXResourcesBuildPhase;
			buildActionMask = 2147483647;
			files = (
			);
			runOnlyForDeploymentPostprocessing = 0;
		};
		A0BA023F2F5D8D58006998F0 /* Resources */ = {
			isa = PBXResourcesBuildPhase;
			buildActionMask = 2147483647;
			files = (
			);
			runOnlyForDeploymentPostprocessing = 0;
		};
/* End PBXResourcesBuildPhase section */

/* Begin PBXSourcesBuildPhase section */
		A0BA02262F5D8D54006998F0 /* Sources */ = {
			isa = PBXSourcesBuildPhase;
			buildActionMask = 2147483647;
			files = (
			);
			runOnlyForDeploymentPostprocessing = 0;
		};
		A0BA02332F5D8D58006998F0 /* Sources */ = {
			isa = PBXSourcesBuildPhase;
			buildActionMask = 2147483647;
			files = (
			);
			runOnlyForDeploymentPostprocessing = 0;
		};
		A0BA023D2F5D8D58006998F0 /* Sources */ = {
			isa = PBXSourcesBuildPhase;
			buildActionMask = 2147483647;
			files = (
			);
			runOnlyForDeploymentPostprocessing = 0;
		};
/* End PBXSourcesBuildPhase section */

/* Begin PBXTargetDependency section */
		A0BA02392F5D8D58006998F0 /* PBXTargetDependency */ = {
			isa = PBXTargetDependency;
			target = A0BA02292F5D8D54006998F0 /* RealTimePriceTrackerApp */;
			targetProxy = A0BA02382F5D8D58006998F0 /* PBXContainerItemProxy */;
		};
		A0BA02432F5D8D58006998F0 /* PBXTargetDependency */ = {
			isa = PBXTargetDependency;
			target = A0BA02292F5D8D54006998F0 /* RealTimePriceTrackerApp */;
			targetProxy = A0BA02422F5D8D58006998F0 /* PBXContainerItemProxy */;
		};
/* End PBXTargetDependency section */

/* Begin XCBuildConfiguration section */
		A0BA02492F5D8D58006998F0 /* Debug */ = {
			isa = XCBuildConfiguration;
			buildSettings = {
				ALWAYS_SEARCH_USER_PATHS = NO;
				ASSETCATALOG_COMPILER_GENERATE_SWIFT_ASSET_SYMBOL_EXTENSIONS = YES;
				CLANG_ANALYZER_NONNULL = YES;
				CLANG_ANALYZER_NUMBER_OBJECT_CONVERSION = YES_AGGRESSIVE;
				CLANG_CXX_LANGUAGE_STANDARD = "gnu++20";
				CLANG_ENABLE_MODULES = YES;
				CLANG_ENABLE_OBJC_ARC = YES;
				CLANG_ENABLE_OBJC_WEAK = YES;
				CLANG_WARN_BLOCK_CAPTURE_AUTORELEASING = YES;
				CLANG_WARN_BOOL_CONVERSION = YES;
				CLANG_WARN_COMMA = YES;
				CLANG_WARN_CONSTANT_CONVERSION = YES;
				CLANG_WARN_DEPRECATED_OBJC_IMPLEMENTATIONS = YES;
				CLANG_WARN_DIRECT_OBJC_ISA_USAGE = YES_ERROR;
				CLANG_WARN_DOCUMENTATION_COMMENTS = YES;
				CLANG_WARN_EMPTY_BODY = YES;
				CLANG_WARN_ENUM_CONVERSION = YES;
				CLANG_WARN_INFINITE_RECURSION = YES;
				CLANG_WARN_INT_CONVERSION = YES;
				CLANG_WARN_NON_LITERAL_NULL_CONVERSION = YES;
				CLANG_WARN_OBJC_IMPLICIT_RETAIN_SELF = YES;
				CLANG_WARN_OBJC_LITERAL_CONVERSION = YES;
				CLANG_WARN_OBJC_ROOT_CLASS = YES_ERROR;
				CLANG_WARN_QUOTED_INCLUDE_IN_FRAMEWORK_HEADER = YES;
				CLANG_WARN_RANGE_LOOP_ANALYSIS = YES;
				CLANG_WARN_STRICT_PROTOTYPES = YES;
				CLANG_WARN_SUSPICIOUS_MOVE = YES;
				CLANG_WARN_UNGUARDED_AVAILABILITY = YES_AGGRESSIVE;
				CLANG_WARN_UNREACHABLE_CODE = YES;
				CLANG_WARN__DUPLICATE_METHOD_MATCH = YES;
				COPY_PHASE_STRIP = NO;
				DEBUG_INFORMATION_FORMAT = dwarf;
				DEVELOPMENT_TEAM = U227WATPT3;
				ENABLE_STRICT_OBJC_MSGSEND = YES;
				ENABLE_TESTABILITY = YES;
				ENABLE_USER_SCRIPT_SANDBOXING = YES;
				GCC_C_LANGUAGE_STANDARD = gnu17;
				GCC_DYNAMIC_NO_PIC = NO;
				GCC_NO_COMMON_BLOCKS = YES;
				GCC_OPTIMIZATION_LEVEL = 0;
				GCC_PREPROCESSOR_DEFINITIONS = (
					"DEBUG=1",
					"$(inherited)",
				);
				GCC_WARN_64_TO_32_BIT_CONVERSION = YES;
				GCC_WARN_ABOUT_RETURN_TYPE = YES_ERROR;
				GCC_WARN_UNDECLARED_SELECTOR = YES;
				GCC_WARN_UNINITIALIZED_AUTOS = YES_AGGRESSIVE;
				GCC_WARN_UNUSED_FUNCTION = YES;
				GCC_WARN_UNUSED_VARIABLE = YES;
				IPHONEOS_DEPLOYMENT_TARGET = 18.5;
				LOCALIZATION_PREFERS_STRING_CATALOGS = YES;
				MTL_ENABLE_DEBUG_INFO = INCLUDE_SOURCE;
				MTL_FAST_MATH = YES;
				ONLY_ACTIVE_ARCH = YES;
				SDKROOT = iphoneos;
				SWIFT_ACTIVE_COMPILATION_CONDITIONS = "DEBUG $(inherited)";
				SWIFT_OPTIMIZATION_LEVEL = "-Onone";
			};
			name = Debug;
		};
		A0BA024A2F5D8D58006998F0 /* Release */ = {
			isa = XCBuildConfiguration;
			buildSettings = {
				ALWAYS_SEARCH_USER_PATHS = NO;
				ASSETCATALOG_COMPILER_GENERATE_SWIFT_ASSET_SYMBOL_EXTENSIONS = YES;
				CLANG_ANALYZER_NONNULL = YES;
				CLANG_ANALYZER_NUMBER_OBJECT_CONVERSION = YES_AGGRESSIVE;
				CLANG_CXX_LANGUAGE_STANDARD = "gnu++20";
				CLANG_ENABLE_MODULES = YES;
				CLANG_ENABLE_OBJC_ARC = YES;
				CLANG_ENABLE_OBJC_WEAK = YES;
				CLANG_WARN_BLOCK_CAPTURE_AUTORELEASING = YES;
				CLANG_WARN_BOOL_CONVERSION = YES;
				CLANG_WARN_COMMA = YES;
				CLANG_WARN_CONSTANT_CONVERSION = YES;
				CLANG_WARN_DEPRECATED_OBJC_IMPLEMENTATIONS = YES;
				CLANG_WARN_DIRECT_OBJC_ISA_USAGE = YES_ERROR;
				CLANG_WARN_DOCUMENTATION_COMMENTS = YES;
				CLANG_WARN_EMPTY_BODY = YES;
				CLANG_WARN_ENUM_CONVERSION = YES;
				CLANG_WARN_INFINITE_RECURSION = YES;
				CLANG_WARN_INT_CONVERSION = YES;
				CLANG_WARN_NON_LITERAL_NULL_CONVERSION = YES;
				CLANG_WARN_OBJC_IMPLICIT_RETAIN_SELF = YES;
				CLANG_WARN_OBJC_LITERAL_CONVERSION = YES;
				CLANG_WARN_OBJC_ROOT_CLASS = YES_ERROR;
				CLANG_WARN_QUOTED_INCLUDE_IN_FRAMEWORK_HEADER = YES;
				CLANG_WARN_RANGE_LOOP_ANALYSIS = YES;
				CLANG_WARN_STRICT_PROTOTYPES = YES;
				CLANG_WARN_SUSPICIOUS_MOVE = YES;
				CLANG_WARN_UNGUARDED_AVAILABILITY = YES_AGGRESSIVE;
				CLANG_WARN_UNREACHABLE_CODE = YES;
				CLANG_WARN__DUPLICATE_METHOD_MATCH = YES;
				COPY_PHASE_STRIP = NO;
				DEBUG_INFORMATION_FORMAT = "dwarf-with-dsym";
				DEVELOPMENT_TEAM = U227WATPT3;
				ENABLE_NS_ASSERTIONS = NO;
				ENABLE_STRICT_OBJC_MSGSEND = YES;
				ENABLE_USER_SCRIPT_SANDBOXING = YES;
				GCC_C_LANGUAGE_STANDARD = gnu17;
				GCC_NO_COMMON_BLOCKS = YES;
				GCC_WARN_64_TO_32_BIT_CONVERSION = YES;
				GCC_WARN_ABOUT_RETURN_TYPE = YES_ERROR;
				GCC_WARN_UNDECLARED_SELECTOR = YES;
				GCC_WARN_UNINITIALIZED_AUTOS = YES_AGGRESSIVE;
				GCC_WARN_UNUSED_FUNCTION = YES;
				GCC_WARN_UNUSED_VARIABLE = YES;
				IPHONEOS_DEPLOYMENT_TARGET = 18.5;
				LOCALIZATION_PREFERS_STRING_CATALOGS = YES;
				MTL_ENABLE_DEBUG_INFO = NO;
				MTL_FAST_MATH = YES;
				SDKROOT = iphoneos;
				SWIFT_COMPILATION_MODE = wholemodule;
				VALIDATE_PRODUCT = YES;
			};
			name = Release;
		};
		A0BA024C2F5D8D58006998F0 /* Debug */ = {
			isa = XCBuildConfiguration;
			buildSettings = {
				ASSETCATALOG_COMPILER_APPICON_NAME = AppIcon;
				ASSETCATALOG_COMPILER_GLOBAL_ACCENT_COLOR_NAME = AccentColor;
				CODE_SIGN_STYLE = Automatic;
				CURRENT_PROJECT_VERSION = 1;
				DEVELOPMENT_TEAM = U227WATPT3;
				ENABLE_PREVIEWS = YES;
				GENERATE_INFOPLIST_FILE = YES;
				INFOPLIST_FILE = RealTimePriceTrackerApp/Info.plist;
				INFOPLIST_KEY_UIApplicationSceneManifest_Generation = YES;
				INFOPLIST_KEY_UIApplicationSupportsIndirectInputEvents = YES;
				INFOPLIST_KEY_UILaunchScreen_Generation = YES;
				INFOPLIST_KEY_UISupportedInterfaceOrientations_iPad = "UIInterfaceOrientationPortrait UIInterfaceOrientationPortraitUpsideDown UIInterfaceOrientationLandscapeLeft UIInterfaceOrientationLandscapeRight";
				INFOPLIST_KEY_UISupportedInterfaceOrientations_iPhone = "UIInterfaceOrientationPortrait UIInterfaceOrientationLandscapeLeft UIInterfaceOrientationLandscapeRight";
				LD_RUNPATH_SEARCH_PATHS = (
					"$(inherited)",
					"@executable_path/Frameworks",
				);
				MARKETING_VERSION = 1.0;
				PRODUCT_BUNDLE_IDENTIFIER = ammarrajab.RealTimePriceTrackerApp;
				PRODUCT_NAME = "$(TARGET_NAME)";
				SWIFT_EMIT_LOC_STRINGS = YES;
				SWIFT_VERSION = 5.0;
				TARGETED_DEVICE_FAMILY = "1,2";
			};
			name = Debug;
		};
		A0BA024D2F5D8D58006998F0 /* Release */ = {
			isa = XCBuildConfiguration;
			buildSettings = {
				ASSETCATALOG_COMPILER_APPICON_NAME = AppIcon;
				ASSETCATALOG_COMPILER_GLOBAL_ACCENT_COLOR_NAME = AccentColor;
				CODE_SIGN_STYLE = Automatic;
				CURRENT_PROJECT_VERSION = 1;
				DEVELOPMENT_TEAM = U227WATPT3;
				ENABLE_PREVIEWS = YES;
				GENERATE_INFOPLIST_FILE = YES;
				INFOPLIST_FILE = RealTimePriceTrackerApp/Info.plist;
				INFOPLIST_KEY_UIApplicationSceneManifest_Generation = YES;
				INFOPLIST_KEY_UIApplicationSupportsIndirectInputEvents = YES;
				INFOPLIST_KEY_UILaunchScreen_Generation = YES;
				INFOPLIST_KEY_UISupportedInterfaceOrientations_iPad = "UIInterfaceOrientationPortrait UIInterfaceOrientationPortraitUpsideDown UIInterfaceOrientationLandscapeLeft UIInterfaceOrientationLandscapeRight";
				INFOPLIST_KEY_UISupportedInterfaceOrientations_iPhone = "UIInterfaceOrientationPortrait UIInterfaceOrientationLandscapeLeft UIInterfaceOrientationLandscapeRight";
				LD_RUNPATH_SEARCH_PATHS = (
					"$(inherited)",
					"@executable_path/Frameworks",
				);
				MARKETING_VERSION = 1.0;
				PRODUCT_BUNDLE_IDENTIFIER = ammarrajab.RealTimePriceTrackerApp;
				PRODUCT_NAME = "$(TARGET_NAME)";
				SWIFT_EMIT_LOC_STRINGS = YES;
				SWIFT_VERSION = 5.0;
				TARGETED_DEVICE_FAMILY = "1,2";
			};
			name = Release;
		};
		A0BA024F2F5D8D58006998F0 /* Debug */ = {
			isa = XCBuildConfiguration;
			buildSettings = {
				BUNDLE_LOADER = "$(TEST_HOST)";
				CODE_SIGN_STYLE = Automatic;
				CURRENT_PROJECT_VERSION = 1;
				DEVELOPMENT_TEAM = U227WATPT3;
				GENERATE_INFOPLIST_FILE = YES;
				IPHONEOS_DEPLOYMENT_TARGET = 18.5;
				MARKETING_VERSION = 1.0;
				PRODUCT_BUNDLE_IDENTIFIER = ammarrajab.RealTimePriceTrackerAppTests;
				PRODUCT_NAME = "$(TARGET_NAME)";
				SWIFT_EMIT_LOC_STRINGS = NO;
				SWIFT_VERSION = 5.0;
				TARGETED_DEVICE_FAMILY = "1,2";
				TEST_HOST = "$(BUILT_PRODUCTS_DIR)/RealTimePriceTrackerApp.app/$(BUNDLE_EXECUTABLE_FOLDER_PATH)/RealTimePriceTrackerApp";
			};
			name = Debug;
		};
		A0BA02502F5D8D58006998F0 /* Release */ = {
			isa = XCBuildConfiguration;
			buildSettings = {
				BUNDLE_LOADER = "$(TEST_HOST)";
				CODE_SIGN_STYLE = Automatic;
				CURRENT_PROJECT_VERSION = 1;
				DEVELOPMENT_TEAM = U227WATPT3;
				GENERATE_INFOPLIST_FILE = YES;
				IPHONEOS_DEPLOYMENT_TARGET = 18.5;
				MARKETING_VERSION = 1.0;
				PRODUCT_BUNDLE_IDENTIFIER = ammarrajab.RealTimePriceTrackerAppTests;
				PRODUCT_NAME = "$(TARGET_NAME)";
				SWIFT_EMIT_LOC_STRINGS = NO;
				SWIFT_VERSION = 5.0;
				TARGETED_DEVICE_FAMILY = "1,2";
				TEST_HOST = "$(BUILT_PRODUCTS_DIR)/RealTimePriceTrackerApp.app/$(BUNDLE_EXECUTABLE_FOLDER_PATH)/RealTimePriceTrackerApp";
			};
			name = Release;
		};
		A0BA02522F5D8D58006998F0 /* Debug */ = {
			isa = XCBuildConfiguration;
			buildSettings = {
				CODE_SIGN_STYLE = Automatic;
				CURRENT_PROJECT_VERSION = 1;
				DEVELOPMENT_TEAM = U227WATPT3;
				GENERATE_INFOPLIST_FILE = YES;
				MARKETING_VERSION = 1.0;
				PRODUCT_BUNDLE_IDENTIFIER = ammarrajab.RealTimePriceTrackerAppUITests;
				PRODUCT_NAME = "$(TARGET_NAME)";
				SWIFT_EMIT_LOC_STRINGS = NO;
				SWIFT_VERSION = 5.0;
				TARGETED_DEVICE_FAMILY = "1,2";
				TEST_TARGET_NAME = RealTimePriceTrackerApp;
			};
			name = Debug;
		};
		A0BA02532F5D8D58006998F0 /* Release */ = {
			isa = XCBuildConfiguration;
			buildSettings = {
				CODE_SIGN_STYLE = Automatic;
				CURRENT_PROJECT_VERSION = 1;
				DEVELOPMENT_TEAM = U227WATPT3;
				GENERATE_INFOPLIST_FILE = YES;
				MARKETING_VERSION = 1.0;
				PRODUCT_BUNDLE_IDENTIFIER = ammarrajab.RealTimePriceTrackerAppUITests;
				PRODUCT_NAME = "$(TARGET_NAME)";
				SWIFT_EMIT_LOC_STRINGS = NO;
				SWIFT_VERSION = 5.0;
				TARGETED_DEVICE_FAMILY = "1,2";
				TEST_TARGET_NAME = RealTimePriceTrackerApp;
			};
			name = Release;
		};
/* End XCBuildConfiguration section */

/* Begin XCConfigurationList section */
		A0BA02252F5D8D54006998F0 /* Build configuration list for PBXProject "RealTimePriceTrackerApp" */ = {
			isa = XCConfigurationList;
			buildConfigurations = (
				A0BA02492F5D8D58006998F0 /* Debug */,
				A0BA024A2F5D8D58006998F0 /* Release */,
			);
			defaultConfigurationIsVisible = 0;
			defaultConfigurationName = Release;
		};
		A0BA024B2F5D8D58006998F0 /* Build configuration list for PBXNativeTarget "RealTimePriceTrackerApp" */ = {
			isa = XCConfigurationList;
			buildConfigurations = (
				A0BA024C2F5D8D58006998F0 /* Debug */,
				A0BA024D2F5D8D58006998F0 /* Release */,
			);
			defaultConfigurationIsVisible = 0;
			defaultConfigurationName = Release;
		};
		A0BA024E2F5D8D58006998F0 /* Build configuration list for PBXNativeTarget "RealTimePriceTrackerAppTests" */ = {
			isa = XCConfigurationList;
			buildConfigurations = (
				A0BA024F2F5D8D58006998F0 /* Debug */,
				A0BA02502F5D8D58006998F0 /* Release */,
			);
			defaultConfigurationIsVisible = 0;
			defaultConfigurationName = Release;
		};
		A0BA02512F5D8D58006998F0 /* Build configuration list for PBXNativeTarget "RealTimePriceTrackerAppUITests" */ = {
			isa = XCConfigurationList;
			buildConfigurations = (
				A0BA02522F5D8D58006998F0 /* Debug */,
				A0BA02532F5D8D58006998F0 /* Release */,
			);
			defaultConfigurationIsVisible = 0;
			defaultConfigurationName = Release;
		};
/* End XCConfigurationList section */
	};
	rootObject = A0BA02222F5D8D54006998F0 /* Project object */;
}
